
Microsoft Visual Studio Solution File, Format Version 12.00
# Visual Studio Version 17
VisualStudioVersion = 17.2.32616.157
MinimumVisualStudioVersion = 10.0.40219.1
Project("{FAE04EC0-301F-11D3-BF4B-00C04F79EFBC}") = "23_08_2022", "23_08_2022\23_08_2022.csproj", "{B029894E-A261-48B3-A081-F1223CEB40FB}"
EndProject
Global
	GlobalSection(SolutionConfigurationPlatforms) = preSolution
		Debug|Any CPU = Debug|Any CPU
		Release|Any CPU = Release|Any CPU
	EndGlobalSection
	GlobalSection(ProjectConfigurationPlatforms) = postSolution
		{B029894E-A261-48B3-A081-F1223CEB40FB}.Debug|Any CPU.ActiveCfg = Debug|Any CPU
		{B029894E-A261-48B3-A081-F1223CEB40FB}.Debug|Any CPU.Build.0 = Debug|Any CPU
		{B029894E-A261-48B3-A081-F1223CEB40FB}.Release|Any CPU.ActiveCfg = Release|Any CPU
		{B029894E-A261-48B3-A081-F1223CEB40FB}.Release|Any CPU.Build.0 = Release|Any CPU
	EndGlobalSection
	GlobalSection(SolutionProperties) = preSolution
		HideSolutionNode = FALSE
	EndGlobalSection
	GlobalSection(ExtensibilityGlobals) = postSolution
		SolutionGuid = {18D91D82-2EF9-48FA-9B07-48F427BBAD0B}
	EndGlobalSection
EndGlobal
